{
  "requires": true,
  "lockfileVersion": 1,
  "dependencies": {
    "boolbase": {
      "version": "1.0.0",
      "resolved": "https://registry.npmjs.org/boolbase/-/boolbase-1.0.0.tgz",
      "integrity": "sha512-JZOSA7Mo9sNGB8+UjSgzdLtokWAky1zbztM3WRLCbZ70/3cTANmQmOdR7y2g+J0e2WXywy1yS468tY+IruqEww=="
    },
    "cheerio": {
      "version": "1.1.2",
      "resolved": "https://registry.npmjs.org/cheerio/-/cheerio-1.1.2.tgz",
      "integrity": "sha512-IkxPpb5rS/d1IiLbHMgfPuS0FgiWTtFIm/Nj+2woXDLTZ7fOT2eqzgYbdMlLweqlHbsZjxEChoVK+7iph7jyQg==",
      "requires": {
        "cheerio-select": "^2.1.0",
        "dom-serializer": "^2.0.0",
        "domhandler": "^5.0.3",
        "domutils": "^3.2.2",
        "encoding-sniffer": "^0.2.1",
        "htmlparser2": "^10.0.0",
        "parse5": "^7.3.0",
        "parse5-htmlparser2-tree-adapter": "^7.1.0",
        "parse5-parser-stream": "^7.1.2",
        "undici": "^7.12.0",
        "whatwg-mimetype": "^4.0.0"
      }
    },
    "cheerio-select": {
      "version": "2.1.0",
      "resolved": "https://registry.npmjs.org/cheerio-select/-/cheerio-select-2.1.0.tgz",
      "integrity": "sha512-9v9kG0LvzrlcungtnJtpGNxY+fzECQKhK4EGJX2vByejiMX84MFNQw4UxPJl3bFbTMw+Dfs37XaIkCwTZfLh4g==",
      "requires": {
        "boolbase": "^1.0.0",
        "css-select": "^5.1.0",
        "css-what": "^6.1.0",
        "domelementtype": "^2.3.0",
        "domhandler": "^5.0.3",
        "domutils": "^3.0.1"
      }
    },
    "css-select": {
      "version": "5.2.2",
      "resolved": "https://registry.npmjs.org/css-select/-/css-select-5.2.2.tgz",
      "integrity": "sha512-TizTzUddG/xYLA3NXodFM0fSbNizXjOKhqiQQwvhlspadZokn1KDy0NZFS0wuEubIYAV5/c1/lAr0TaaFXEXzw==",
      "requires": {
        "boolbase": "^1.0.0",
        "css-what": "^6.1.0",
        "domhandler": "^5.0.2",
        "domutils": "^3.0.1",
        "nth-check": "^2.0.1"
      }
    },
    "css-what": {
      "version": "6.2.2",
      "resolved": "https://registry.npmjs.org/css-what/-/css-what-6.2.2.tgz",
      "integrity": "sha512-u/O3vwbptzhMs3L1fQE82ZSLHQQfto5gyZzwteVIEyeaY5Fc7R4dapF/BvRoSYFeqfBk4m0V1Vafq5Pjv25wvA=="
    },
    "dom-serializer": {
      "version": "2.0.0",
      "resolved": "https://registry.npmjs.org/dom-serializer/-/dom-serializer-2.0.0.tgz",
      "integrity": "sha512-wIkAryiqt/nV5EQKqQpo3SToSOV9J0DnbJqwK7Wv/Trc92zIAYZ4FlMu+JPFW1DfGFt81ZTCGgDEabffXeLyJg==",
      "requires": {
        "domelementtype": "^2.3.0",
        "domhandler": "^5.0.2",
        "entities": "^4.2.0"
      }
    },
    "domelementtype": {
      "version": "2.3.0",
      "resolved": "https://registry.npmjs.org/domelementtype/-/domelementtype-2.3.0.tgz",
      "integrity": "sha512-OLETBj6w0OsagBwdXnPdN0cnMfF9opN69co+7ZrbfPGrdpPVNBUj02spi6B1N7wChLQiPn4CSH/zJvXw56gmHw=="
    },
    "domhandler": {
      "version": "5.0.3",
      "resolved": "https://registry.npmjs.org/domhandler/-/domhandler-5.0.3.tgz",
      "integrity": "sha512-cgwlv/1iFQiFnU96XXgROh8xTeetsnJiDsTc7TYCLFd9+/WNkIqPTxiM/8pSd8VIrhXGTf1Ny1q1hquVqDJB5w==",
      "requires": {
        "domelementtype": "^2.3.0"
      }
    },
    "domutils": {
      "version": "3.2.2",
      "resolved": "https://registry.npmjs.org/domutils/-/domutils-3.2.2.tgz",
      "integrity": "sha512-6kZKyUajlDuqlHKVX1w7gyslj9MPIXzIFiz/rGu35uC1wMi+kMhQwGhl4lt9unC9Vb9INnY9Z3/ZA3+FhASLaw==",
      "requires": {
        "dom-serializer": "^2.0.0",
        "domelementtype": "^2.3.0",
        "domhandler": "^5.0.3"
      }
    },
    "encoding-sniffer": {
      "version": "0.2.1",
      "resolved": "https://registry.npmjs.org/encoding-sniffer/-/encoding-sniffer-0.2.1.tgz",
      "integrity": "sha512-5gvq20T6vfpekVtqrYQsSCFZ1wEg5+wW0/QaZMWkFr6BqD3NfKs0rLCx4rrVlSWJeZb5NBJgVLswK/w2MWU+Gw==",
      "requires": {
        "iconv-lite": "^0.6.3",
        "whatwg-encoding": "^3.1.1"
      }
    },
    "entities": {
      "version": "4.5.0",
      "resolved": "https://registry.npmjs.org/entities/-/entities-4.5.0.tgz",
      "integrity": "sha512-V0hjH4dGPh9Ao5p0MoRY6BVqtwCjhz6vI5LT8AJ55H+4g9/4vbHx1I54fS0XuclLhDHArPQCiMjDxjaL8fPxhw=="
    },
    "gitbook-plugin-lightbox": {
      "version": "1.2.0",
      "resolved": "https://registry.npmjs.org/gitbook-plugin-lightbox/-/gitbook-plugin-lightbox-1.2.0.tgz",
      "integrity": "sha512-mZ13srRi9Levq6AnhwDMQbXYBHwSlnG/oasZpBdKfRB+4M18dsd97r+tjnD0dw0sJ/+Jmr1a1twxAem71p5TjA==",
      "requires": {
        "cheerio": "^1.0.0-rc.2",
        "uuid": "^3.3.2"
      }
    },
    "gitbook-plugin-quiz": {
      "version": "0.3.0",
      "resolved": "https://registry.npmjs.org/gitbook-plugin-quiz/-/gitbook-plugin-quiz-0.3.0.tgz",
      "integrity": "sha512-E6fp/Uhl4X3D7GpzAi+7X9Evk6TFWAWdeFym6EiCTbOkaXBjM5QYK6HPvS+cIGTcPKy4f32i7jwk1AXAmrIpbQ==",
      "requires": {
        "jquery": "^2.1.4",
        "underscore": "^1.8.3"
      }
    },
    "graceful-fs": {
      "version": "4.2.11",
      "resolved": "https://registry.npmjs.org/graceful-fs/-/graceful-fs-4.2.11.tgz",
      "integrity": "sha512-RbJ5/jmFcNNCcDV5o9eTnBLJ/HszWV0P73bc+Ff4nS/rJj+YaS6IGyiOL0VoBYX+l1Wrl3k63h/KrH+nhJ0XvQ=="
    },
    "htmlparser2": {
      "version": "10.0.0",
      "resolved": "https://registry.npmjs.org/htmlparser2/-/htmlparser2-10.0.0.tgz",
      "integrity": "sha512-TwAZM+zE5Tq3lrEHvOlvwgj1XLWQCtaaibSN11Q+gGBAS7Y1uZSWwXXRe4iF6OXnaq1riyQAPFOBtYc77Mxq0g==",
      "requires": {
        "domelementtype": "^2.3.0",
        "domhandler": "^5.0.3",
        "domutils": "^3.2.1",
        "entities": "^6.0.0"
      },
      "dependencies": {
        "entities": {
          "version": "6.0.1",
          "resolved": "https://registry.npmjs.org/entities/-/entities-6.0.1.tgz",
          "integrity": "sha512-aN97NXWF6AWBTahfVOIrB/NShkzi5H7F9r1s9mD3cDj4Ko5f2qhhVoYMibXF7GlLveb/D2ioWay8lxI97Ven3g=="
        }
      }
    },
    "iconv-lite": {
      "version": "0.6.3",
      "resolved": "https://registry.npmjs.org/iconv-lite/-/iconv-lite-0.6.3.tgz",
      "integrity": "sha512-4fCk79wshMdzMp2rH06qWrJE4iolqLhCUH+OiuIgU++RB0+94NlDL81atO7GX55uUKueo0txHNtvEyI6D7WdMw==",
      "requires": {
        "safer-buffer": ">= 2.1.2 < 3.0.0"
      }
    },
    "jquery": {
      "version": "2.2.4",
      "resolved": "https://registry.npmjs.org/jquery/-/jquery-2.2.4.tgz",
      "integrity": "sha512-lBHj60ezci2u1v2FqnZIraShGgEXq35qCzMv4lITyHGppTnA13rwR0MgwyNJh9TnDs3aXUvd1xjAotfraMHX/Q=="
    },
    "nth-check": {
      "version": "2.1.1",
      "resolved": "https://registry.npmjs.org/nth-check/-/nth-check-2.1.1.tgz",
      "integrity": "sha512-lqjrjmaOoAnWfMmBPL+XNnynZh2+swxiX3WUE0s4yEHI6m+AwrK2UZOimIRl3X/4QctVqS8AiZjFqyOGrMXb/w==",
      "requires": {
        "boolbase": "^1.0.0"
      }
    },
    "parse5": {
      "version": "7.3.0",
      "resolved": "https://registry.npmjs.org/parse5/-/parse5-7.3.0.tgz",
      "integrity": "sha512-IInvU7fabl34qmi9gY8XOVxhYyMyuH2xUNpb2q8/Y+7552KlejkRvqvD19nMoUW/uQGGbqNpA6Tufu5FL5BZgw==",
      "requires": {
        "entities": "^6.0.0"
      },
      "dependencies": {
        "entities": {
          "version": "6.0.1",
          "resolved": "https://registry.npmjs.org/entities/-/entities-6.0.1.tgz",
          "integrity": "sha512-aN97NXWF6AWBTahfVOIrB/NShkzi5H7F9r1s9mD3cDj4Ko5f2qhhVoYMibXF7GlLveb/D2ioWay8lxI97Ven3g=="
        }
      }
    },
    "parse5-htmlparser2-tree-adapter": {
      "version": "7.1.0",
      "resolved": "https://registry.npmjs.org/parse5-htmlparser2-tree-adapter/-/parse5-htmlparser2-tree-adapter-7.1.0.tgz",
      "integrity": "sha512-ruw5xyKs6lrpo9x9rCZqZZnIUntICjQAd0Wsmp396Ul9lN/h+ifgVV1x1gZHi8euej6wTfpqX8j+BFQxF0NS/g==",
      "requires": {
        "domhandler": "^5.0.3",
        "parse5": "^7.0.0"
      }
    },
    "parse5-parser-stream": {
      "version": "7.1.2",
      "resolved": "https://registry.npmjs.org/parse5-parser-stream/-/parse5-parser-stream-7.1.2.tgz",
      "integrity": "sha512-JyeQc9iwFLn5TbvvqACIF/VXG6abODeB3Fwmv/TGdLk2LfbWkaySGY72at4+Ty7EkPZj854u4CrICqNk2qIbow==",
      "requires": {
        "parse5": "^7.0.0"
      }
    },
    "safer-buffer": {
      "version": "2.1.2",
      "resolved": "https://registry.npmjs.org/safer-buffer/-/safer-buffer-2.1.2.tgz",
      "integrity": "sha512-YZo3K82SD7Riyi0E1EQPojLz7kpepnSQI9IyPbHHg1XXXevb5dJI7tpyN2ADxGcQbHG7vcyRHk0cbwqcQriUtg=="
    },
    "underscore": {
      "version": "1.13.7",
      "resolved": "https://registry.npmjs.org/underscore/-/underscore-1.13.7.tgz",
      "integrity": "sha512-GMXzWtsc57XAtguZgaQViUOzs0KTkk8ojr3/xAxXLITqf/3EMwxC0inyETfDFjH/Krbhuep0HNbbjI9i/q3F3g=="
    },
    "undici": {
      "version": "7.18.2",
      "resolved": "https://registry.npmjs.org/undici/-/undici-7.18.2.tgz",
      "integrity": "sha512-y+8YjDFzWdQlSE9N5nzKMT3g4a5UBX1HKowfdXh0uvAnTaqqwqB92Jt4UXBAeKekDs5IaDKyJFR4X1gYVCgXcw=="
    },
    "uuid": {
      "version": "3.4.0",
      "resolved": "https://registry.npmjs.org/uuid/-/uuid-3.4.0.tgz",
      "integrity": "sha512-HjSDRw6gZE5JMggctHBcjVak08+KEVhSIiDzFnT9S9aegmp85S/bReBVTb4QTFaRNptJ9kuYaNhnbNEOkbKb/A=="
    },
    "whatwg-encoding": {
      "version": "3.1.1",
      "resolved": "https://registry.npmjs.org/whatwg-encoding/-/whatwg-encoding-3.1.1.tgz",
      "integrity": "sha512-6qN4hJdMwfYBtE3YBTTHhoeuUrDBPZmbQaxWAqSALV/MeEnR5z1xd8UKud2RAkFoPkmB+hli1TZSnyi84xz1vQ==",
      "requires": {
        "iconv-lite": "0.6.3"
      }
    },
    "whatwg-mimetype": {
      "version": "4.0.0",
      "resolved": "https://registry.npmjs.org/whatwg-mimetype/-/whatwg-mimetype-4.0.0.tgz",
      "integrity": "sha512-QaKxh0eNIi2mE9p2vEdzfagOKHCcj1pJ56EEHGQOVxp8r9/iszLUUV7v89x9O1p/T+NlTM5W7jW6+cz4Fq1YVg=="
    }
  }
}
